# This file is automatically @generated by Cargo.
# It is not intended for manual editing.
version = 4

[[package]]
name = "dunit_render"
version = "0.1.0"
dependencies = [
 "dunit_style",
 "dunit_text",
 "dunit_ui",
]

[[package]]
name = "dunit_style"
version = "0.1.0"

[[package]]
name = "dunit_text"
version = "0.1.0"

[[package]]
name = "dunit_ui"
version = "0.1.0"
