# This file is automatically @generated by Cargo.
# It is not intended for manual editing.
version = 4

[[package]]
name = "dunit_text"
version = "0.1.0"

[[package]]
name = "dwm_settings"
version = "0.1.0"
dependencies = [
 "libdunit",
]

[[package]]
name = "gui_protocol_v1"
version = "0.1.0"

[[package]]
name = "gui_server"
version = "0.1.0"
dependencies = [
 "dunit_text",
 "dwm_settings",
 "gui_protocol_v1",
 "libdunit",
]

[[package]]
name = "libdunit"
version = "0.1.0"
