# This file is automatically @generated by Cargo.
# It is not intended for manual editing.
version = 4

[[package]]
name = "gui_client"
version = "0.1.0"
dependencies = [
 "gui_protocol_v1",
 "libdunit",
]

[[package]]
name = "gui_protocol_v1"
version = "0.1.0"

[[package]]
name = "libdunit"
version = "0.1.0"
