# This file is automatically @generated by Cargo.
# It is not intended for manual editing.
version = 4

[[package]]
name = "dunit_render"
version = "0.1.0"
dependencies = [
 "dunit_style",
 "dunit_text",
 "dunit_ui",
]

[[package]]
name = "dunit_style"
version = "0.1.0"

[[package]]
name = "dunit_text"
version = "0.1.0"

[[package]]
name = "dunit_ui"
version = "0.1.0"

[[package]]
name = "dunit_widgets"
version = "0.1.0"
dependencies = [
 "dunit_style",
 "dunit_text",
 "dunit_ui",
]

[[package]]
name = "gui_protocol_v1"
version = "0.1.0"

[[package]]
name = "gui_terminal"
version = "0.1.0"
dependencies = [
 "dunit_render",
 "dunit_style",
 "dunit_text",
 "dunit_ui",
 "dunit_widgets",
 "gui_protocol_v1",
 "libdunit",
]

[[package]]
name = "libdunit"
version = "0.1.0"
